
Microsoft Visual Studio Solution File, Format Version 12.00
# Visual Studio Version 16
VisualStudioVersion = 16.0.33214.272
MinimumVisualStudioVersion = 10.0.40219.1
Project("{FAE04EC0-301F-11D3-BF4B-00C04F79EFBC}") = "eTickets", "eTickets\eTickets.csproj", "{3CECD6B1-9139-4D3C-BE62-B9DE485D2555}"
EndProject
Global
	GlobalSection(SolutionConfigurationPlatforms) = preSolution
		Debug|Any CPU = Debug|Any CPU
		Release|Any CPU = Release|Any CPU
	EndGlobalSection
	GlobalSection(ProjectConfigurationPlatforms) = postSolution
		{3CECD6B1-9139-4D3C-BE62-B9DE485D2555}.Debug|Any CPU.ActiveCfg = Debug|Any CPU
		{3CECD6B1-9139-4D3C-BE62-B9DE485D2555}.Debug|Any CPU.Build.0 = Debug|Any CPU
		{3CECD6B1-9139-4D3C-BE62-B9DE485D2555}.Release|Any CPU.ActiveCfg = Release|Any CPU
		{3CECD6B1-9139-4D3C-BE62-B9DE485D2555}.Release|Any CPU.Build.0 = Release|Any CPU
	EndGlobalSection
	GlobalSection(SolutionProperties) = preSolution
		HideSolutionNode = FALSE
	EndGlobalSection
	GlobalSection(ExtensibilityGlobals) = postSolution
		SolutionGuid = {1FC9F19B-7465-433C-9C0D-F52CDD1A8ECD}
	EndGlobalSection
EndGlobal
